
Microsoft Visual Studio Solution File, Format Version 12.00
# Visual Studio Version 16
VisualStudioVersion = 16.0.31005.135
MinimumVisualStudioVersion = 10.0.40219.1
Project("{FAE04EC0-301F-11D3-BF4B-00C04F79EFBC}") = "Burrows_Wheeller", "Burrows_Wheeller\Burrows_Wheeller.csproj", "{573C9EF9-1C3A-4E72-A6BB-BC098B46B440}"
EndProject
Global
	GlobalSection(SolutionConfigurationPlatforms) = preSolution
		Debug|Any CPU = Debug|Any CPU
		Release|Any CPU = Release|Any CPU
	EndGlobalSection
	GlobalSection(ProjectConfigurationPlatforms) = postSolution
		{573C9EF9-1C3A-4E72-A6BB-BC098B46B440}.Debug|Any CPU.ActiveCfg = Debug|Any CPU
		{573C9EF9-1C3A-4E72-A6BB-BC098B46B440}.Debug|Any CPU.Build.0 = Debug|Any CPU
		{573C9EF9-1C3A-4E72-A6BB-BC098B46B440}.Release|Any CPU.ActiveCfg = Release|Any CPU
		{573C9EF9-1C3A-4E72-A6BB-BC098B46B440}.Release|Any CPU.Build.0 = Release|Any CPU
	EndGlobalSection
	GlobalSection(SolutionProperties) = preSolution
		HideSolutionNode = FALSE
	EndGlobalSection
	GlobalSection(ExtensibilityGlobals) = postSolution
		SolutionGuid = {73604175-A762-48AA-BE7E-76B45BBD0C15}
	EndGlobalSection
EndGlobal
