
Microsoft Visual Studio Solution File, Format Version 12.00
# Visual Studio Version 16
VisualStudioVersion = 16.0.31005.135
MinimumVisualStudioVersion = 10.0.40219.1
Project("{FAE04EC0-301F-11D3-BF4B-00C04F79EFBC}") = "LZ", "LZ\LZ.csproj", "{F5805337-7A7F-4527-BB3D-34655588A41F}"
EndProject
Global
	GlobalSection(SolutionConfigurationPlatforms) = preSolution
		Debug|Any CPU = Debug|Any CPU
		Release|Any CPU = Release|Any CPU
	EndGlobalSection
	GlobalSection(ProjectConfigurationPlatforms) = postSolution
		{F5805337-7A7F-4527-BB3D-34655588A41F}.Debug|Any CPU.ActiveCfg = Debug|Any CPU
		{F5805337-7A7F-4527-BB3D-34655588A41F}.Debug|Any CPU.Build.0 = Debug|Any CPU
		{F5805337-7A7F-4527-BB3D-34655588A41F}.Release|Any CPU.ActiveCfg = Release|Any CPU
		{F5805337-7A7F-4527-BB3D-34655588A41F}.Release|Any CPU.Build.0 = Release|Any CPU
	EndGlobalSection
	GlobalSection(SolutionProperties) = preSolution
		HideSolutionNode = FALSE
	EndGlobalSection
	GlobalSection(ExtensibilityGlobals) = postSolution
		SolutionGuid = {7C96E87A-0557-464D-8F44-E8AE2BE7DD48}
	EndGlobalSection
EndGlobal
